
Microsoft Visual Studio Solution File, Format Version 12.00
# Visual Studio Version 17
VisualStudioVersion = 17.5.33627.172
MinimumVisualStudioVersion = 10.0.40219.1
Project("{FAE04EC0-301F-11D3-BF4B-00C04F79EFBC}") = "expense trackers", "expense trackers\expense trackers.csproj", "{8E08569E-0F85-4342-8FAB-FA4899D0DEA9}"
EndProject
Global
	GlobalSection(SolutionConfigurationPlatforms) = preSolution
		Debug|Any CPU = Debug|Any CPU
		Release|Any CPU = Release|Any CPU
	EndGlobalSection
	GlobalSection(ProjectConfigurationPlatforms) = postSolution
		{8E08569E-0F85-4342-8FAB-FA4899D0DEA9}.Debug|Any CPU.ActiveCfg = Debug|Any CPU
		{8E08569E-0F85-4342-8FAB-FA4899D0DEA9}.Debug|Any CPU.Build.0 = Debug|Any CPU
		{8E08569E-0F85-4342-8FAB-FA4899D0DEA9}.Release|Any CPU.ActiveCfg = Release|Any CPU
		{8E08569E-0F85-4342-8FAB-FA4899D0DEA9}.Release|Any CPU.Build.0 = Release|Any CPU
	EndGlobalSection
	GlobalSection(SolutionProperties) = preSolution
		HideSolutionNode = FALSE
	EndGlobalSection
	GlobalSection(ExtensibilityGlobals) = postSolution
		SolutionGuid = {AA9880AB-EB15-48BD-9E81-ADA2931FA4FD}
	EndGlobalSection
EndGlobal
